
Microsoft Visual Studio Solution File, Format Version 12.00
# Visual Studio Version 17
VisualStudioVersion = 17.8.34309.116
MinimumVisualStudioVersion = 10.0.40219.1
Project("{FAE04EC0-301F-11D3-BF4B-00C04F79EFBC}") = "OOPExample", "OOPExample\OOPExample.csproj", "{169CE5BC-A53C-4183-9D9B-382119289A16}"
EndProject
Global
	GlobalSection(SolutionConfigurationPlatforms) = preSolution
		Debug|Any CPU = Debug|Any CPU
		Release|Any CPU = Release|Any CPU
	EndGlobalSection
	GlobalSection(ProjectConfigurationPlatforms) = postSolution
		{169CE5BC-A53C-4183-9D9B-382119289A16}.Debug|Any CPU.ActiveCfg = Debug|Any CPU
		{169CE5BC-A53C-4183-9D9B-382119289A16}.Debug|Any CPU.Build.0 = Debug|Any CPU
		{169CE5BC-A53C-4183-9D9B-382119289A16}.Release|Any CPU.ActiveCfg = Release|Any CPU
		{169CE5BC-A53C-4183-9D9B-382119289A16}.Release|Any CPU.Build.0 = Release|Any CPU
	EndGlobalSection
	GlobalSection(SolutionProperties) = preSolution
		HideSolutionNode = FALSE
	EndGlobalSection
	GlobalSection(ExtensibilityGlobals) = postSolution
		SolutionGuid = {4F5DB4BF-B92D-4120-BAAD-31C7B7A5E127}
	EndGlobalSection
EndGlobal
